
Microsoft Visual Studio Solution File, Format Version 12.00
# Visual Studio 2013
VisualStudioVersion = 12.0.31101.0
MinimumVisualStudioVersion = 10.0.40219.1
Project("{FAE04EC0-301F-11D3-BF4B-00C04F79EFBC}") = "Amido.Calculator.Domain", "Amido.Calculator.Domain\Amido.Calculator.Domain.csproj", "{B06CC4AA-5F44-4D1A-86E9-8C532F20C177}"
EndProject
Project("{FAE04EC0-301F-11D3-BF4B-00C04F79EFBC}") = "Amido.Calculator.AcceptanceTests", "Amido.Calculator.AcceptanceTests\Amido.Calculator.AcceptanceTests.csproj", "{A17F2E1F-64CB-406A-8FCA-45D72CD1F85F}"
EndProject
Project("{FAE04EC0-301F-11D3-BF4B-00C04F79EFBC}") = "Amido.Common.AcceptanceTests", "Amido.Common.AcceptanceTests\Amido.Common.AcceptanceTests.csproj", "{70EFB742-4BC8-4010-9CBB-4D4BC8DD03C2}"
EndProject
Global
	GlobalSection(SolutionConfigurationPlatforms) = preSolution
		Debug|Any CPU = Debug|Any CPU
		Release|Any CPU = Release|Any CPU
	EndGlobalSection
	GlobalSection(ProjectConfigurationPlatforms) = postSolution
		{B06CC4AA-5F44-4D1A-86E9-8C532F20C177}.Debug|Any CPU.ActiveCfg = Debug|Any CPU
		{B06CC4AA-5F44-4D1A-86E9-8C532F20C177}.Debug|Any CPU.Build.0 = Debug|Any CPU
		{B06CC4AA-5F44-4D1A-86E9-8C532F20C177}.Release|Any CPU.ActiveCfg = Release|Any CPU
		{B06CC4AA-5F44-4D1A-86E9-8C532F20C177}.Release|Any CPU.Build.0 = Release|Any CPU
		{A17F2E1F-64CB-406A-8FCA-45D72CD1F85F}.Debug|Any CPU.ActiveCfg = Debug|Any CPU
		{A17F2E1F-64CB-406A-8FCA-45D72CD1F85F}.Debug|Any CPU.Build.0 = Debug|Any CPU
		{A17F2E1F-64CB-406A-8FCA-45D72CD1F85F}.Release|Any CPU.ActiveCfg = Release|Any CPU
		{A17F2E1F-64CB-406A-8FCA-45D72CD1F85F}.Release|Any CPU.Build.0 = Release|Any CPU
		{70EFB742-4BC8-4010-9CBB-4D4BC8DD03C2}.Debug|Any CPU.ActiveCfg = Debug|Any CPU
		{70EFB742-4BC8-4010-9CBB-4D4BC8DD03C2}.Debug|Any CPU.Build.0 = Debug|Any CPU
		{70EFB742-4BC8-4010-9CBB-4D4BC8DD03C2}.Release|Any CPU.ActiveCfg = Release|Any CPU
		{70EFB742-4BC8-4010-9CBB-4D4BC8DD03C2}.Release|Any CPU.Build.0 = Release|Any CPU
	EndGlobalSection
	GlobalSection(SolutionProperties) = preSolution
		HideSolutionNode = FALSE
	EndGlobalSection
EndGlobal
